
Microsoft Visual Studio Solution File, Format Version 12.00
# Visual Studio Version 16
VisualStudioVersion = 16.0.32602.291
MinimumVisualStudioVersion = 10.0.40219.1
Project("{FAE04EC0-301F-11D3-BF4B-00C04F79EFBC}") = "AplikasiPembayaranSpp2.0.0", "AplikasiPembayaranSpp2.0.0.csproj", "{DCCF44FD-E1AA-4889-8BAD-C08EEE818AAE}"
EndProject
Global
	GlobalSection(SolutionConfigurationPlatforms) = preSolution
		Debug|Any CPU = Debug|Any CPU
		Release|Any CPU = Release|Any CPU
	EndGlobalSection
	GlobalSection(ProjectConfigurationPlatforms) = postSolution
		{DCCF44FD-E1AA-4889-8BAD-C08EEE818AAE}.Debug|Any CPU.ActiveCfg = Debug|Any CPU
		{DCCF44FD-E1AA-4889-8BAD-C08EEE818AAE}.Debug|Any CPU.Build.0 = Debug|Any CPU
		{DCCF44FD-E1AA-4889-8BAD-C08EEE818AAE}.Release|Any CPU.ActiveCfg = Release|Any CPU
		{DCCF44FD-E1AA-4889-8BAD-C08EEE818AAE}.Release|Any CPU.Build.0 = Release|Any CPU
	EndGlobalSection
	GlobalSection(SolutionProperties) = preSolution
		HideSolutionNode = FALSE
	EndGlobalSection
	GlobalSection(ExtensibilityGlobals) = postSolution
		SolutionGuid = {519D6A0E-D1FB-4108-9EB3-D24FAC4D757D}
	EndGlobalSection
EndGlobal
